// !$*UTF8*$!
{
	archiveVersion = 1;
	classes = {
	};
	objectVersion = 46;
	objects = {

/* Begin PBXBuildFile section */
		1846F1351425060F00884CCC /* QuartzCore.framework in Frameworks */ = {isa = PBXBuildFile; fileRef = 1846F1341425060F00884CCC /* QuartzCore.framework */; };
		1846F1371425060F00884CCC /* OpenGLES.framework in Frameworks */ = {isa = PBXBuildFile; fileRef = 1846F1361425060F00884CCC /* OpenGLES.framework */; };
		1846F1391425060F00884CCC /* OpenAL.framework in Frameworks */ = {isa = PBXBuildFile; fileRef = 1846F1381425060F00884CCC /* OpenAL.framework */; };
		1846F13B1425060F00884CCC /* AudioToolbox.framework in Frameworks */ = {isa = PBXBuildFile; fileRef = 1846F13A1425060F00884CCC /* AudioToolbox.framework */; };
		1846F13D1425060F00884CCC /* AVFoundation.framework in Frameworks */ = {isa = PBXBuildFile; fileRef = 1846F13C1425060F00884CCC /* AVFoundation.framework */; };
		1846F13F1425060F00884CCC /* UIKit.framework in Frameworks */ = {isa = PBXBuildFile; fileRef = 1846F13E1425060F00884CCC /* UIKit.framework */; };
		1846F1411425060F00884CCC /* Foundation.framework in Frameworks */ = {isa = PBXBuildFile; fileRef = 1846F1401425060F00884CCC /* Foundation.framework */; };
		1846F1431425060F00884CCC /* CoreGraphics.framework in Frameworks */ = {isa = PBXBuildFile; fileRef = 1846F1421425060F00884CCC /* CoreGraphics.framework */; };
		1846F1471425060F00884CCC /* Default.png in Resources */ = {isa = PBXBuildFile; fileRef = 1846F1461425060F00884CCC /* Default.png */; };
		1846F1491425060F00884CCC /* fps_images.png in Resources */ = {isa = PBXBuildFile; fileRef = 1846F1481425060F00884CCC /* fps_images.png */; };
		1846F14B1425060F00884CCC /* Icon-72.png in Resources */ = {isa = PBXBuildFile; fileRef = 1846F14A1425060F00884CCC /* Icon-72.png */; };
		1846F14D1425060F00884CCC /* Icon-Small-50.png in Resources */ = {isa = PBXBuildFile; fileRef = 1846F14C1425060F00884CCC /* Icon-Small-50.png */; };
		1846F14F1425060F00884CCC /* Icon-Small.png in Resources */ = {isa = PBXBuildFile; fileRef = 1846F14E1425060F00884CCC /* Icon-Small.png */; };
		1846F1511425060F00884CCC /* Icon-Small@2x.png in Resources */ = {isa = PBXBuildFile; fileRef = 1846F1501425060F00884CCC /* Icon-Small@2x.png */; };
		1846F1531425060F00884CCC /* Icon.png in Resources */ = {isa = PBXBuildFile; fileRef = 1846F1521425060F00884CCC /* Icon.png */; };
		1846F1551425060F00884CCC /* Icon@2x.png in Resources */ = {isa = PBXBuildFile; fileRef = 1846F1541425060F00884CCC /* Icon@2x.png */; };
		1846F1581425060F00884CCC /* iTunesArtwork in Resources */ = {isa = PBXBuildFile; fileRef = 1846F1571425060F00884CCC /* iTunesArtwork */; };
		1846F2951425061100884CCC /* main.m in Sources */ = {isa = PBXBuildFile; fileRef = 1846F2941425061100884CCC /* main.m */; };
		1846F2981425061100884CCC /* AppDelegate.m in Sources */ = {isa = PBXBuildFile; fileRef = 1846F2971425061100884CCC /* AppDelegate.m */; };
		1846F2F314250CA800884CCC /* MainLayer.m in Sources */ = {isa = PBXBuildFile; fileRef = 1846F2EA14250CA800884CCC /* MainLayer.m */; };
		1846F2F414250CA800884CCC /* TestAlertLayer.m in Sources */ = {isa = PBXBuildFile; fileRef = 1846F2EC14250CA800884CCC /* TestAlertLayer.m */; };
		1846F2F614250CA800884CCC /* TestRadioLayer.m in Sources */ = {isa = PBXBuildFile; fileRef = 1846F2F014250CA800884CCC /* TestRadioLayer.m */; };
		1846F2F714250CA800884CCC /* TestLoadingBarLayer.m in Sources */ = {isa = PBXBuildFile; fileRef = 1846F2F214250CA800884CCC /* TestLoadingBarLayer.m */; };
		1846F2FB14250CF200884CCC /* UI in Resources */ = {isa = PBXBuildFile; fileRef = 1846F2FA14250CF200884CCC /* UI */; };
		18847B71142A2E11005D7C4F /* BalsamiqControlData.m in Sources */ = {isa = PBXBuildFile; fileRef = 18847B5A142A2E11005D7C4F /* BalsamiqControlData.m */; };
		18847B72142A2E11005D7C4F /* BalsamiqFileParser.m in Sources */ = {isa = PBXBuildFile; fileRef = 18847B5C142A2E11005D7C4F /* BalsamiqFileParser.m */; };
		18847B73142A2E11005D7C4F /* CCAlertLayer.m in Sources */ = {isa = PBXBuildFile; fileRef = 18847B5F142A2E11005D7C4F /* CCAlertLayer.m */; };
		18847B74142A2E11005D7C4F /* CCBalsamiqLayer.m in Sources */ = {isa = PBXBuildFile; fileRef = 18847B61142A2E11005D7C4F /* CCBalsamiqLayer.m */; };
		18847B78142A2E11005D7C4F /* CCSprite+LoadingBar.m in Sources */ = {isa = PBXBuildFile; fileRef = 18847B6A142A2E11005D7C4F /* CCSprite+LoadingBar.m */; };
		18847B79142A2E11005D7C4F /* CCMenuItemButton.m in Sources */ = {isa = PBXBuildFile; fileRef = 18847B6C142A2E11005D7C4F /* CCMenuItemButton.m */; };
		18847B7A142A2E11005D7C4F /* RadioManager.m in Sources */ = {isa = PBXBuildFile; fileRef = 18847B6E142A2E11005D7C4F /* RadioManager.m */; };
		18AF26D11425CBA000D0D60F /* Vanilla.ttf in Resources */ = {isa = PBXBuildFile; fileRef = 18AF26D01425CBA000D0D60F /* Vanilla.ttf */; };
		18AF26D31425CC7500D0D60F /* WebViewFile.rtf in Resources */ = {isa = PBXBuildFile; fileRef = 18AF26D21425CC7500D0D60F /* WebViewFile.rtf */; };
		27552DE01557BB5E0031A7F9 /* TestLinkLayer.m in Sources */ = {isa = PBXBuildFile; fileRef = 27552DDF1557BB5E0031A7F9 /* TestLinkLayer.m */; };
		278E860E155284AC00AB548A /* TestScrollLayer.m in Sources */ = {isa = PBXBuildFile; fileRef = 278E860D155284AC00AB548A /* TestScrollLayer.m */; };
		278E8616155295C200AB548A /* CCTableLayer.m in Sources */ = {isa = PBXBuildFile; fileRef = 278E8615155295C200AB548A /* CCTableLayer.m */; };
		279C168D16E08071000C5988 /* libcocos2d.a in Frameworks */ = {isa = PBXBuildFile; fileRef = 279C167C16E0805E000C5988 /* libcocos2d.a */; };
		279C168F16E08164000C5988 /* Default-568h@2x.png in Resources */ = {isa = PBXBuildFile; fileRef = 279C168E16E08164000C5988 /* Default-568h@2x.png */; };
		27A0457A1598316C00643C89 /* TestLabelLayer.m in Sources */ = {isa = PBXBuildFile; fileRef = 27A045791598316C00643C89 /* TestLabelLayer.m */; };
		27A04786159AB8AF00643C89 /* TestTabsLayer.m in Sources */ = {isa = PBXBuildFile; fileRef = 27A04785159AB8AF00643C89 /* TestTabsLayer.m */; };
		27A047E9159D7A7700643C89 /* TestButtonLayer.m in Sources */ = {isa = PBXBuildFile; fileRef = 27A047E8159D7A7700643C89 /* TestButtonLayer.m */; };
		27A11FA515C7710400B146BB /* CCLabelWithTextField.m in Sources */ = {isa = PBXBuildFile; fileRef = 27A11FA415C7710400B146BB /* CCLabelWithTextField.m */; };
		27A11FA915C7731100B146BB /* TestTextFieldLayer.m in Sources */ = {isa = PBXBuildFile; fileRef = 27A11FA815C7731100B146BB /* TestTextFieldLayer.m */; };
		27DC774F147C86C100890457 /* BalsamiqReaderConfig.m in Sources */ = {isa = PBXBuildFile; fileRef = 27DC774E147C86C100890457 /* BalsamiqReaderConfig.m */; };
/* End PBXBuildFile section */

/* Begin PBXContainerItemProxy section */
		279C167516E0805E000C5988 /* PBXContainerItemProxy */ = {
			isa = PBXContainerItemProxy;
			containerPortal = 279C166416E0805D000C5988 /* cocos2d-ios.xcodeproj */;
			proxyType = 2;
			remoteGlobalIDString = 509807081175041800EA7266;
			remoteInfo = "build all libs";
		};
		279C167716E0805E000C5988 /* PBXContainerItemProxy */ = {
			isa = PBXContainerItemProxy;
			containerPortal = 279C166416E0805D000C5988 /* cocos2d-ios.xcodeproj */;
			proxyType = 2;
			remoteGlobalIDString = 504225700FC0B39C00B992F7;
			remoteInfo = box2d;
		};
		279C167916E0805E000C5988 /* PBXContainerItemProxy */ = {
			isa = PBXContainerItemProxy;
			containerPortal = 279C166416E0805D000C5988 /* cocos2d-ios.xcodeproj */;
			proxyType = 2;
			remoteGlobalIDString = 50B2C4D10E100AEA00AE9530;
			remoteInfo = Chipmunk;
		};
		279C167B16E0805E000C5988 /* PBXContainerItemProxy */ = {
			isa = PBXContainerItemProxy;
			containerPortal = 279C166416E0805D000C5988 /* cocos2d-ios.xcodeproj */;
			proxyType = 2;
			remoteGlobalIDString = 5018F24D0DFDEAC400C013A5;
			remoteInfo = cocos2d;
		};
		279C167D16E0805E000C5988 /* PBXContainerItemProxy */ = {
			isa = PBXContainerItemProxy;
			containerPortal = 279C166416E0805D000C5988 /* cocos2d-ios.xcodeproj */;
			proxyType = 2;
			remoteGlobalIDString = A0EFA7AC169CDF9C006D1B22;
			remoteInfo = cocos2d_box2d;
		};
		279C167F16E0805E000C5988 /* PBXContainerItemProxy */ = {
			isa = PBXContainerItemProxy;
			containerPortal = 279C166416E0805D000C5988 /* cocos2d-ios.xcodeproj */;
			proxyType = 2;
			remoteGlobalIDString = A0EFA886169CDFA4006D1B22;
			remoteInfo = cocos2d_chipmunk;
		};
		279C168116E0805E000C5988 /* PBXContainerItemProxy */ = {
			isa = PBXContainerItemProxy;
			containerPortal = 279C166416E0805D000C5988 /* cocos2d-ios.xcodeproj */;
			proxyType = 2;
			remoteGlobalIDString = 502C65EE0DFEF3DD00E4107D;
			remoteInfo = "cocos2d-documentation";
		};
		279C168316E0805E000C5988 /* PBXContainerItemProxy */ = {
			isa = PBXContainerItemProxy;
			containerPortal = 279C166416E0805D000C5988 /* cocos2d-ios.xcodeproj */;
			proxyType = 2;
			remoteGlobalIDString = 50CB2FCA1004C8B100B7A750;
			remoteInfo = CocosDenshion;
		};
		279C168516E0805E000C5988 /* PBXContainerItemProxy */ = {
			isa = PBXContainerItemProxy;
			containerPortal = 279C166416E0805D000C5988 /* cocos2d-ios.xcodeproj */;
			proxyType = 2;
			remoteGlobalIDString = A02900ED15B5FA9E00D64F82;
			remoteInfo = CocosBuilderReader;
		};
		279C168716E0805E000C5988 /* PBXContainerItemProxy */ = {
			isa = PBXContainerItemProxy;
			containerPortal = 279C166416E0805D000C5988 /* cocos2d-ios.xcodeproj */;
			proxyType = 2;
			remoteGlobalIDString = A031B73915D9BD0800E1986C;
			remoteInfo = jsbindings;
		};
		279C168916E0805E000C5988 /* PBXContainerItemProxy */ = {
			isa = PBXContainerItemProxy;
			containerPortal = 279C166416E0805D000C5988 /* cocos2d-ios.xcodeproj */;
			proxyType = 2;
			remoteGlobalIDString = A04A1FEB13B826B300ABAFB7;
			remoteInfo = kazmath;
		};
		279C168B16E0806B000C5988 /* PBXContainerItemProxy */ = {
			isa = PBXContainerItemProxy;
			containerPortal = 279C166416E0805D000C5988 /* cocos2d-ios.xcodeproj */;
			proxyType = 1;
			remoteGlobalIDString = 5018F24C0DFDEAC400C013A5;
			remoteInfo = cocos2d;
		};
/* End PBXContainerItemProxy section */

/* Begin PBXFileReference section */
		1846F1301425060F00884CCC /* BalsamiqXmlReader.app */ = {isa = PBXFileReference; explicitFileType = wrapper.application; includeInIndex = 0; path = BalsamiqXmlReader.app; sourceTree = BUILT_PRODUCTS_DIR; };
		1846F1341425060F00884CCC /* QuartzCore.framework */ = {isa = PBXFileReference; lastKnownFileType = wrapper.framework; name = QuartzCore.framework; path = System/Library/Frameworks/QuartzCore.framework; sourceTree = SDKROOT; };
		1846F1361425060F00884CCC /* OpenGLES.framework */ = {isa = PBXFileReference; lastKnownFileType = wrapper.framework; name = OpenGLES.framework; path = System/Library/Frameworks/OpenGLES.framework; sourceTree = SDKROOT; };
		1846F1381425060F00884CCC /* OpenAL.framework */ = {isa = PBXFileReference; lastKnownFileType = wrapper.framework; name = OpenAL.framework; path = System/Library/Frameworks/OpenAL.framework; sourceTree = SDKROOT; };
		1846F13A1425060F00884CCC /* AudioToolbox.framework */ = {isa = PBXFileReference; lastKnownFileType = wrapper.framework; name = AudioToolbox.framework; path = System/Library/Frameworks/AudioToolbox.framework; sourceTree = SDKROOT; };
		1846F13C1425060F00884CCC /* AVFoundation.framework */ = {isa = PBXFileReference; lastKnownFileType = wrapper.framework; name = AVFoundation.framework; path = System/Library/Frameworks/AVFoundation.framework; sourceTree = SDKROOT; };
		1846F13E1425060F00884CCC /* UIKit.framework */ = {isa = PBXFileReference; lastKnownFileType = wrapper.framework; name = UIKit.framework; path = System/Library/Frameworks/UIKit.framework; sourceTree = SDKROOT; };
		1846F1401425060F00884CCC /* Foundation.framework */ = {isa = PBXFileReference; lastKnownFileType = wrapper.framework; name = Foundation.framework; path = System/Library/Frameworks/Foundation.framework; sourceTree = SDKROOT; };
		1846F1421425060F00884CCC /* CoreGraphics.framework */ = {isa = PBXFileReference; lastKnownFileType = wrapper.framework; name = CoreGraphics.framework; path = System/Library/Frameworks/CoreGraphics.framework; sourceTree = SDKROOT; };
		1846F1461425060F00884CCC /* Default.png */ = {isa = PBXFileReference; lastKnownFileType = image.png; name = Default.png; path = Resources/Default.png; sourceTree = "<group>"; };
		1846F1481425060F00884CCC /* fps_images.png */ = {isa = PBXFileReference; lastKnownFileType = image.png; name = fps_images.png; path = Resources/fps_images.png; sourceTree = "<group>"; };
		1846F14A1425060F00884CCC /* Icon-72.png */ = {isa = PBXFileReference; lastKnownFileType = image.png; name = "Icon-72.png"; path = "Resources/Icon-72.png"; sourceTree = "<group>"; };
		1846F14C1425060F00884CCC /* Icon-Small-50.png */ = {isa = PBXFileReference; lastKnownFileType = image.png; name = "Icon-Small-50.png"; path = "Resources/Icon-Small-50.png"; sourceTree = "<group>"; };
		1846F14E1425060F00884CCC /* Icon-Small.png */ = {isa = PBXFileReference; lastKnownFileType = image.png; name = "Icon-Small.png"; path = "Resources/Icon-Small.png"; sourceTree = "<group>"; };
		1846F1501425060F00884CCC /* Icon-Small@2x.png */ = {isa = PBXFileReference; lastKnownFileType = image.png; name = "Icon-Small@2x.png"; path = "Resources/Icon-Small@2x.png"; sourceTree = "<group>"; };
		1846F1521425060F00884CCC /* Icon.png */ = {isa = PBXFileReference; lastKnownFileType = image.png; name = Icon.png; path = Resources/Icon.png; sourceTree = "<group>"; };
		1846F1541425060F00884CCC /* Icon@2x.png */ = {isa = PBXFileReference; lastKnownFileType = image.png; name = "Icon@2x.png"; path = "Resources/Icon@2x.png"; sourceTree = "<group>"; };
		1846F1561425060F00884CCC /* Info.plist */ = {isa = PBXFileReference; lastKnownFileType = text.plist.xml; name = Info.plist; path = Resources/Info.plist; sourceTree = "<group>"; };
		1846F1571425060F00884CCC /* iTunesArtwork */ = {isa = PBXFileReference; lastKnownFileType = file; name = iTunesArtwork; path = Resources/iTunesArtwork; sourceTree = "<group>"; };
		1846F2931425061100884CCC /* Prefix.pch */ = {isa = PBXFileReference; lastKnownFileType = sourcecode.c.h; path = Prefix.pch; sourceTree = "<group>"; };
		1846F2941425061100884CCC /* main.m */ = {isa = PBXFileReference; lastKnownFileType = sourcecode.c.objc; path = main.m; sourceTree = "<group>"; };
		1846F2961425061100884CCC /* AppDelegate.h */ = {isa = PBXFileReference; lastKnownFileType = sourcecode.c.h; path = AppDelegate.h; sourceTree = "<group>"; };
		1846F2971425061100884CCC /* AppDelegate.m */ = {isa = PBXFileReference; lastKnownFileType = sourcecode.c.objc; path = AppDelegate.m; sourceTree = "<group>"; };
		1846F2E914250CA800884CCC /* MainLayer.h */ = {isa = PBXFileReference; fileEncoding = 4; lastKnownFileType = sourcecode.c.h; path = MainLayer.h; sourceTree = "<group>"; };
		1846F2EA14250CA800884CCC /* MainLayer.m */ = {isa = PBXFileReference; fileEncoding = 4; lastKnownFileType = sourcecode.c.objc; path = MainLayer.m; sourceTree = "<group>"; };
		1846F2EB14250CA800884CCC /* TestAlertLayer.h */ = {isa = PBXFileReference; fileEncoding = 4; lastKnownFileType = sourcecode.c.h; path = TestAlertLayer.h; sourceTree = "<group>"; };
		1846F2EC14250CA800884CCC /* TestAlertLayer.m */ = {isa = PBXFileReference; fileEncoding = 4; lastKnownFileType = sourcecode.c.objc; path = TestAlertLayer.m; sourceTree = "<group>"; };
		1846F2EF14250CA800884CCC /* TestRadioLayer.h */ = {isa = PBXFileReference; fileEncoding = 4; lastKnownFileType = sourcecode.c.h; path = TestRadioLayer.h; sourceTree = "<group>"; };
		1846F2F014250CA800884CCC /* TestRadioLayer.m */ = {isa = PBXFileReference; fileEncoding = 4; lastKnownFileType = sourcecode.c.objc; path = TestRadioLayer.m; sourceTree = "<group>"; };
		1846F2F114250CA800884CCC /* TestLoadingBarLayer.h */ = {isa = PBXFileReference; fileEncoding = 4; lastKnownFileType = sourcecode.c.h; path = TestLoadingBarLayer.h; sourceTree = "<group>"; };
		1846F2F214250CA800884CCC /* TestLoadingBarLayer.m */ = {isa = PBXFileReference; fileEncoding = 4; lastKnownFileType = sourcecode.c.objc; path = TestLoadingBarLayer.m; sourceTree = "<group>"; };
		1846F2FA14250CF200884CCC /* UI */ = {isa = PBXFileReference; lastKnownFileType = folder; name = UI; path = Resources/UI; sourceTree = "<group>"; };
		18847B59142A2E11005D7C4F /* BalsamiqControlData.h */ = {isa = PBXFileReference; fileEncoding = 4; lastKnownFileType = sourcecode.c.h; path = BalsamiqControlData.h; sourceTree = "<group>"; };
		18847B5A142A2E11005D7C4F /* BalsamiqControlData.m */ = {isa = PBXFileReference; fileEncoding = 4; lastKnownFileType = sourcecode.c.objc; path = BalsamiqControlData.m; sourceTree = "<group>"; };
		18847B5B142A2E11005D7C4F /* BalsamiqFileParser.h */ = {isa = PBXFileReference; fileEncoding = 4; lastKnownFileType = sourcecode.c.h; path = BalsamiqFileParser.h; sourceTree = "<group>"; };
		18847B5C142A2E11005D7C4F /* BalsamiqFileParser.m */ = {isa = PBXFileReference; fileEncoding = 4; lastKnownFileType = sourcecode.c.objc; path = BalsamiqFileParser.m; sourceTree = "<group>"; };
		18847B5E142A2E11005D7C4F /* CCAlertLayer.h */ = {isa = PBXFileReference; fileEncoding = 4; lastKnownFileType = sourcecode.c.h; path = CCAlertLayer.h; sourceTree = "<group>"; };
		18847B5F142A2E11005D7C4F /* CCAlertLayer.m */ = {isa = PBXFileReference; fileEncoding = 4; lastKnownFileType = sourcecode.c.objc; path = CCAlertLayer.m; sourceTree = "<group>"; };
		18847B60142A2E11005D7C4F /* CCBalsamiqLayer.h */ = {isa = PBXFileReference; fileEncoding = 4; lastKnownFileType = sourcecode.c.h; path = CCBalsamiqLayer.h; sourceTree = "<group>"; };
		18847B61142A2E11005D7C4F /* CCBalsamiqLayer.m */ = {isa = PBXFileReference; fileEncoding = 4; lastKnownFileType = sourcecode.c.objc; path = CCBalsamiqLayer.m; sourceTree = "<group>"; };
		18847B69142A2E11005D7C4F /* CCSprite+LoadingBar.h */ = {isa = PBXFileReference; fileEncoding = 4; lastKnownFileType = sourcecode.c.h; path = "CCSprite+LoadingBar.h"; sourceTree = "<group>"; };
		18847B6A142A2E11005D7C4F /* CCSprite+LoadingBar.m */ = {isa = PBXFileReference; fileEncoding = 4; lastKnownFileType = sourcecode.c.objc; path = "CCSprite+LoadingBar.m"; sourceTree = "<group>"; };
		18847B6B142A2E11005D7C4F /* CCMenuItemButton.h */ = {isa = PBXFileReference; fileEncoding = 4; lastKnownFileType = sourcecode.c.h; path = CCMenuItemButton.h; sourceTree = "<group>"; };
		18847B6C142A2E11005D7C4F /* CCMenuItemButton.m */ = {isa = PBXFileReference; fileEncoding = 4; lastKnownFileType = sourcecode.c.objc; path = CCMenuItemButton.m; sourceTree = "<group>"; };
		18847B6D142A2E11005D7C4F /* RadioManager.h */ = {isa = PBXFileReference; fileEncoding = 4; lastKnownFileType = sourcecode.c.h; path = RadioManager.h; sourceTree = "<group>"; };
		18847B6E142A2E11005D7C4F /* RadioManager.m */ = {isa = PBXFileReference; fileEncoding = 4; lastKnownFileType = sourcecode.c.objc; path = RadioManager.m; sourceTree = "<group>"; };
		18AF26D01425CBA000D0D60F /* Vanilla.ttf */ = {isa = PBXFileReference; lastKnownFileType = file; name = Vanilla.ttf; path = Resources/Vanilla.ttf; sourceTree = "<group>"; };
		18AF26D21425CC7500D0D60F /* WebViewFile.rtf */ = {isa = PBXFileReference; fileEncoding = 4; lastKnownFileType = text.rtf; name = WebViewFile.rtf; path = Resources/WebViewFile.rtf; sourceTree = "<group>"; };
		27552DDE1557BB5E0031A7F9 /* TestLinkLayer.h */ = {isa = PBXFileReference; fileEncoding = 4; lastKnownFileType = sourcecode.c.h; path = TestLinkLayer.h; sourceTree = "<group>"; };
		27552DDF1557BB5E0031A7F9 /* TestLinkLayer.m */ = {isa = PBXFileReference; fileEncoding = 4; lastKnownFileType = sourcecode.c.objc; path = TestLinkLayer.m; sourceTree = "<group>"; };
		278E860C155284AC00AB548A /* TestScrollLayer.h */ = {isa = PBXFileReference; fileEncoding = 4; lastKnownFileType = sourcecode.c.h; path = TestScrollLayer.h; sourceTree = "<group>"; };
		278E860D155284AC00AB548A /* TestScrollLayer.m */ = {isa = PBXFileReference; fileEncoding = 4; lastKnownFileType = sourcecode.c.objc; path = TestScrollLayer.m; sourceTree = "<group>"; };
		278E8614155295C200AB548A /* CCTableLayer.h */ = {isa = PBXFileReference; fileEncoding = 4; lastKnownFileType = sourcecode.c.h; path = CCTableLayer.h; sourceTree = "<group>"; };
		278E8615155295C200AB548A /* CCTableLayer.m */ = {isa = PBXFileReference; fileEncoding = 4; lastKnownFileType = sourcecode.c.objc; path = CCTableLayer.m; sourceTree = "<group>"; };
		279C166416E0805D000C5988 /* cocos2d-ios.xcodeproj */ = {isa = PBXFileReference; lastKnownFileType = "wrapper.pb-project"; name = "cocos2d-ios.xcodeproj"; path = "cocos2d-iphone/cocos2d-ios.xcodeproj"; sourceTree = "<group>"; };
		279C168E16E08164000C5988 /* Default-568h@2x.png */ = {isa = PBXFileReference; lastKnownFileType = image.png; name = "Default-568h@2x.png"; path = "Resources/Default-568h@2x.png"; sourceTree = "<group>"; };
		27A045781598316C00643C89 /* TestLabelLayer.h */ = {isa = PBXFileReference; fileEncoding = 4; lastKnownFileType = sourcecode.c.h; path = TestLabelLayer.h; sourceTree = "<group>"; };
		27A045791598316C00643C89 /* TestLabelLayer.m */ = {isa = PBXFileReference; fileEncoding = 4; lastKnownFileType = sourcecode.c.objc; path = TestLabelLayer.m; sourceTree = "<group>"; };
		27A04784159AB8AF00643C89 /* TestTabsLayer.h */ = {isa = PBXFileReference; fileEncoding = 4; lastKnownFileType = sourcecode.c.h; path = TestTabsLayer.h; sourceTree = "<group>"; };
		27A04785159AB8AF00643C89 /* TestTabsLayer.m */ = {isa = PBXFileReference; fileEncoding = 4; lastKnownFileType = sourcecode.c.objc; path = TestTabsLayer.m; sourceTree = "<group>"; };
		27A047E7159D7A7700643C89 /* TestButtonLayer.h */ = {isa = PBXFileReference; fileEncoding = 4; lastKnownFileType = sourcecode.c.h; path = TestButtonLayer.h; sourceTree = "<group>"; };
		27A047E8159D7A7700643C89 /* TestButtonLayer.m */ = {isa = PBXFileReference; fileEncoding = 4; lastKnownFileType = sourcecode.c.objc; path = TestButtonLayer.m; sourceTree = "<group>"; };
		27A11FA315C7710400B146BB /* CCLabelWithTextField.h */ = {isa = PBXFileReference; fileEncoding = 4; lastKnownFileType = sourcecode.c.h; path = CCLabelWithTextField.h; sourceTree = "<group>"; };
		27A11FA415C7710400B146BB /* CCLabelWithTextField.m */ = {isa = PBXFileReference; fileEncoding = 4; lastKnownFileType = sourcecode.c.objc; path = CCLabelWithTextField.m; sourceTree = "<group>"; };
		27A11FA715C7731100B146BB /* TestTextFieldLayer.h */ = {isa = PBXFileReference; fileEncoding = 4; lastKnownFileType = sourcecode.c.h; path = TestTextFieldLayer.h; sourceTree = "<group>"; };
		27A11FA815C7731100B146BB /* TestTextFieldLayer.m */ = {isa = PBXFileReference; fileEncoding = 4; lastKnownFileType = sourcecode.c.objc; path = TestTextFieldLayer.m; sourceTree = "<group>"; };
		27DC774D147C86C100890457 /* BalsamiqReaderConfig.h */ = {isa = PBXFileReference; fileEncoding = 4; lastKnownFileType = sourcecode.c.h; path = BalsamiqReaderConfig.h; sourceTree = "<group>"; };
		27DC774E147C86C100890457 /* BalsamiqReaderConfig.m */ = {isa = PBXFileReference; fileEncoding = 4; lastKnownFileType = sourcecode.c.objc; path = BalsamiqReaderConfig.m; sourceTree = "<group>"; };
/* End PBXFileReference section */

/* Begin PBXFrameworksBuildPhase section */
		1846F12D1425060F00884CCC /* Frameworks */ = {
			isa = PBXFrameworksBuildPhase;
			buildActionMask = 2147483647;
			files = (
				279C168D16E08071000C5988 /* libcocos2d.a in Frameworks */,
				1846F1351425060F00884CCC /* QuartzCore.framework in Frameworks */,
				1846F1371425060F00884CCC /* OpenGLES.framework in Frameworks */,
				1846F1391425060F00884CCC /* OpenAL.framework in Frameworks */,
				1846F13B1425060F00884CCC /* AudioToolbox.framework in Frameworks */,
				1846F13D1425060F00884CCC /* AVFoundation.framework in Frameworks */,
				1846F13F1425060F00884CCC /* UIKit.framework in Frameworks */,
				1846F1411425060F00884CCC /* Foundation.framework in Frameworks */,
				1846F1431425060F00884CCC /* CoreGraphics.framework in Frameworks */,
			);
			runOnlyForDeploymentPostprocessing = 0;
		};
/* End PBXFrameworksBuildPhase section */

/* Begin PBXGroup section */
		1846F1251425060F00884CCC = {
			isa = PBXGroup;
			children = (
				279C166416E0805D000C5988 /* cocos2d-ios.xcodeproj */,
				1846F1441425060F00884CCC /* BalsamiqXmlReader */,
				1846F1331425060F00884CCC /* Frameworks */,
				1846F1311425060F00884CCC /* Products */,
			);
			sourceTree = "<group>";
		};
		1846F1311425060F00884CCC /* Products */ = {
			isa = PBXGroup;
			children = (
				1846F1301425060F00884CCC /* BalsamiqXmlReader.app */,
			);
			name = Products;
			sourceTree = "<group>";
		};
		1846F1331425060F00884CCC /* Frameworks */ = {
			isa = PBXGroup;
			children = (
				1846F1341425060F00884CCC /* QuartzCore.framework */,
				1846F1361425060F00884CCC /* OpenGLES.framework */,
				1846F1381425060F00884CCC /* OpenAL.framework */,
				1846F13A1425060F00884CCC /* AudioToolbox.framework */,
				1846F13C1425060F00884CCC /* AVFoundation.framework */,
				1846F13E1425060F00884CCC /* UIKit.framework */,
				1846F1401425060F00884CCC /* Foundation.framework */,
				1846F1421425060F00884CCC /* CoreGraphics.framework */,
			);
			name = Frameworks;
			sourceTree = "<group>";
		};
		1846F1441425060F00884CCC /* BalsamiqXmlReader */ = {
			isa = PBXGroup;
			children = (
				1846F2E814250C7C00884CCC /* TestLayer */,
				1846F2961425061100884CCC /* AppDelegate.h */,
				1846F2971425061100884CCC /* AppDelegate.m */,
				1846F1451425060F00884CCC /* Resources */,
				1846F1591425060F00884CCC /* libs */,
				1846F2921425061100884CCC /* Supporting Files */,
			);
			path = BalsamiqXmlReader;
			sourceTree = "<group>";
		};
		1846F1451425060F00884CCC /* Resources */ = {
			isa = PBXGroup;
			children = (
				18AF26D01425CBA000D0D60F /* Vanilla.ttf */,
				1846F2FA14250CF200884CCC /* UI */,
				1846F1461425060F00884CCC /* Default.png */,
				279C168E16E08164000C5988 /* Default-568h@2x.png */,
				1846F1481425060F00884CCC /* fps_images.png */,
				1846F14A1425060F00884CCC /* Icon-72.png */,
				1846F14C1425060F00884CCC /* Icon-Small-50.png */,
				1846F14E1425060F00884CCC /* Icon-Small.png */,
				1846F1501425060F00884CCC /* Icon-Small@2x.png */,
				1846F1521425060F00884CCC /* Icon.png */,
				1846F1541425060F00884CCC /* Icon@2x.png */,
				1846F1561425060F00884CCC /* Info.plist */,
				1846F1571425060F00884CCC /* iTunesArtwork */,
				18AF26D21425CC7500D0D60F /* WebViewFile.rtf */,
			);
			name = Resources;
			sourceTree = "<group>";
		};
		1846F1591425060F00884CCC /* libs */ = {
			isa = PBXGroup;
			children = (
				18847B58142A2E11005D7C4F /* BalsamiqXmlReader */,
			);
			name = libs;
			sourceTree = "<group>";
		};
		1846F2921425061100884CCC /* Supporting Files */ = {
			isa = PBXGroup;
			children = (
				1846F2931425061100884CCC /* Prefix.pch */,
				1846F2941425061100884CCC /* main.m */,
			);
			name = "Supporting Files";
			sourceTree = "<group>";
		};
		1846F2E814250C7C00884CCC /* TestLayer */ = {
			isa = PBXGroup;
			children = (
				1846F2E914250CA800884CCC /* MainLayer.h */,
				1846F2EA14250CA800884CCC /* MainLayer.m */,
				27A045781598316C00643C89 /* TestLabelLayer.h */,
				27A045791598316C00643C89 /* TestLabelLayer.m */,
				27A047E7159D7A7700643C89 /* TestButtonLayer.h */,
				27A047E8159D7A7700643C89 /* TestButtonLayer.m */,
				27A11FA715C7731100B146BB /* TestTextFieldLayer.h */,
				27A11FA815C7731100B146BB /* TestTextFieldLayer.m */,
				1846F2EB14250CA800884CCC /* TestAlertLayer.h */,
				1846F2EC14250CA800884CCC /* TestAlertLayer.m */,
				1846F2EF14250CA800884CCC /* TestRadioLayer.h */,
				1846F2F014250CA800884CCC /* TestRadioLayer.m */,
				1846F2F114250CA800884CCC /* TestLoadingBarLayer.h */,
				1846F2F214250CA800884CCC /* TestLoadingBarLayer.m */,
				278E860C155284AC00AB548A /* TestScrollLayer.h */,
				278E860D155284AC00AB548A /* TestScrollLayer.m */,
				27552DDE1557BB5E0031A7F9 /* TestLinkLayer.h */,
				27552DDF1557BB5E0031A7F9 /* TestLinkLayer.m */,
				27A04784159AB8AF00643C89 /* TestTabsLayer.h */,
				27A04785159AB8AF00643C89 /* TestTabsLayer.m */,
			);
			name = TestLayer;
			sourceTree = "<group>";
		};
		18847B58142A2E11005D7C4F /* BalsamiqXmlReader */ = {
			isa = PBXGroup;
			children = (
				27DC774D147C86C100890457 /* BalsamiqReaderConfig.h */,
				27DC774E147C86C100890457 /* BalsamiqReaderConfig.m */,
				18847B59142A2E11005D7C4F /* BalsamiqControlData.h */,
				18847B5A142A2E11005D7C4F /* BalsamiqControlData.m */,
				18847B5B142A2E11005D7C4F /* BalsamiqFileParser.h */,
				18847B5C142A2E11005D7C4F /* BalsamiqFileParser.m */,
				18847B5E142A2E11005D7C4F /* CCAlertLayer.h */,
				18847B5F142A2E11005D7C4F /* CCAlertLayer.m */,
				18847B60142A2E11005D7C4F /* CCBalsamiqLayer.h */,
				18847B61142A2E11005D7C4F /* CCBalsamiqLayer.m */,
				18847B69142A2E11005D7C4F /* CCSprite+LoadingBar.h */,
				18847B6A142A2E11005D7C4F /* CCSprite+LoadingBar.m */,
				18847B6B142A2E11005D7C4F /* CCMenuItemButton.h */,
				18847B6C142A2E11005D7C4F /* CCMenuItemButton.m */,
				18847B6D142A2E11005D7C4F /* RadioManager.h */,
				18847B6E142A2E11005D7C4F /* RadioManager.m */,
				278E8614155295C200AB548A /* CCTableLayer.h */,
				278E8615155295C200AB548A /* CCTableLayer.m */,
				27A11FA315C7710400B146BB /* CCLabelWithTextField.h */,
				27A11FA415C7710400B146BB /* CCLabelWithTextField.m */,
			);
			name = BalsamiqXmlReader;
			path = libs/BalsamiqXmlReader;
			sourceTree = "<group>";
		};
		279C166516E0805D000C5988 /* Products */ = {
			isa = PBXGroup;
			children = (
				279C167616E0805E000C5988 /* libbuild all libs.a */,
				279C167816E0805E000C5988 /* libbox2d.a */,
				279C167A16E0805E000C5988 /* libChipmunk.a */,
				279C167C16E0805E000C5988 /* libcocos2d.a */,
				279C167E16E0805E000C5988 /* libcocos2d_box2d.a */,
				279C168016E0805E000C5988 /* libcocos2d_chipmunk.a */,
				279C168216E0805E000C5988 /* libcocos2d-documentation.a */,
				279C168416E0805E000C5988 /* libCocosDenshion.a */,
				279C168616E0805E000C5988 /* libCocosBuilderReader.a */,
				279C168816E0805E000C5988 /* libjsbindings.a */,
				279C168A16E0805E000C5988 /* libkazmath.a */,
			);
			name = Products;
			sourceTree = "<group>";
		};
/* End PBXGroup section */

/* Begin PBXNativeTarget section */
		1846F12F1425060F00884CCC /* BalsamiqXmlReader */ = {
			isa = PBXNativeTarget;
			buildConfigurationList = 1846F2A21425061100884CCC /* Build configuration list for PBXNativeTarget "BalsamiqXmlReader" */;
			buildPhases = (
				1846F12C1425060F00884CCC /* Sources */,
				1846F12D1425060F00884CCC /* Frameworks */,
				1846F12E1425060F00884CCC /* Resources */,
			);
			buildRules = (
			);
			dependencies = (
				279C168C16E0806B000C5988 /* PBXTargetDependency */,
			);
			name = BalsamiqXmlReader;
			productName = BalsamiqXmlReader;
			productReference = 1846F1301425060F00884CCC /* BalsamiqXmlReader.app */;
			productType = "com.apple.product-type.application";
		};
/* End PBXNativeTarget section */

/* Begin PBXProject section */
		1846F1271425060F00884CCC /* Project object */ = {
			isa = PBXProject;
			attributes = {
				LastUpgradeCheck = 0430;
			};
			buildConfigurationList = 1846F12A1425060F00884CCC /* Build configuration list for PBXProject "BalsamiqXmlReader" */;
			compatibilityVersion = "Xcode 3.2";
			developmentRegion = English;
			hasScannedForEncodings = 0;
			knownRegions = (
				en,
			);
			mainGroup = 1846F1251425060F00884CCC;
			productRefGroup = 1846F1311425060F00884CCC /* Products */;
			projectDirPath = "";
			projectReferences = (
				{
					ProductGroup = 279C166516E0805D000C5988 /* Products */;
					ProjectRef = 279C166416E0805D000C5988 /* cocos2d-ios.xcodeproj */;
				},
			);
			projectRoot = "";
			targets = (
				1846F12F1425060F00884CCC /* BalsamiqXmlReader */,
			);
		};
/* End PBXProject section */

/* Begin PBXReferenceProxy section */
		279C167616E0805E000C5988 /* libbuild all libs.a */ = {
			isa = PBXReferenceProxy;
			fileType = archive.ar;
			path = "libbuild all libs.a";
			remoteRef = 279C167516E0805E000C5988 /* PBXContainerItemProxy */;
			sourceTree = BUILT_PRODUCTS_DIR;
		};
		279C167816E0805E000C5988 /* libbox2d.a */ = {
			isa = PBXReferenceProxy;
			fileType = archive.ar;
			path = libbox2d.a;
			remoteRef = 279C167716E0805E000C5988 /* PBXContainerItemProxy */;
			sourceTree = BUILT_PRODUCTS_DIR;
		};
		279C167A16E0805E000C5988 /* libChipmunk.a */ = {
			isa = PBXReferenceProxy;
			fileType = archive.ar;
			path = libChipmunk.a;
			remoteRef = 279C167916E0805E000C5988 /* PBXContainerItemProxy */;
			sourceTree = BUILT_PRODUCTS_DIR;
		};
		279C167C16E0805E000C5988 /* libcocos2d.a */ = {
			isa = PBXReferenceProxy;
			fileType = archive.ar;
			path = libcocos2d.a;
			remoteRef = 279C167B16E0805E000C5988 /* PBXContainerItemProxy */;
			sourceTree = BUILT_PRODUCTS_DIR;
		};
		279C167E16E0805E000C5988 /* libcocos2d_box2d.a */ = {
			isa = PBXReferenceProxy;
			fileType = archive.ar;
			path = libcocos2d_box2d.a;
			remoteRef = 279C167D16E0805E000C5988 /* PBXContainerItemProxy */;
			sourceTree = BUILT_PRODUCTS_DIR;
		};
		279C168016E0805E000C5988 /* libcocos2d_chipmunk.a */ = {
			isa = PBXReferenceProxy;
			fileType = archive.ar;
			path = libcocos2d_chipmunk.a;
			remoteRef = 279C167F16E0805E000C5988 /* PBXContainerItemProxy */;
			sourceTree = BUILT_PRODUCTS_DIR;
		};
		279C168216E0805E000C5988 /* libcocos2d-documentation.a */ = {
			isa = PBXReferenceProxy;
			fileType = archive.ar;
			path = "libcocos2d-documentation.a";
			remoteRef = 279C168116E0805E000C5988 /* PBXContainerItemProxy */;
			sourceTree = BUILT_PRODUCTS_DIR;
		};
		279C168416E0805E000C5988 /* libCocosDenshion.a */ = {
			isa = PBXReferenceProxy;
			fileType = archive.ar;
			path = libCocosDenshion.a;
			remoteRef = 279C168316E0805E000C5988 /* PBXContainerItemProxy */;
			sourceTree = BUILT_PRODUCTS_DIR;
		};
		279C168616E0805E000C5988 /* libCocosBuilderReader.a */ = {
			isa = PBXReferenceProxy;
			fileType = archive.ar;
			path = libCocosBuilderReader.a;
			remoteRef = 279C168516E0805E000C5988 /* PBXContainerItemProxy */;
			sourceTree = BUILT_PRODUCTS_DIR;
		};
		279C168816E0805E000C5988 /* libjsbindings.a */ = {
			isa = PBXReferenceProxy;
			fileType = archive.ar;
			path = libjsbindings.a;
			remoteRef = 279C168716E0805E000C5988 /* PBXContainerItemProxy */;
			sourceTree = BUILT_PRODUCTS_DIR;
		};
		279C168A16E0805E000C5988 /* libkazmath.a */ = {
			isa = PBXReferenceProxy;
			fileType = archive.ar;
			path = libkazmath.a;
			remoteRef = 279C168916E0805E000C5988 /* PBXContainerItemProxy */;
			sourceTree = BUILT_PRODUCTS_DIR;
		};
/* End PBXReferenceProxy section */

/* Begin PBXResourcesBuildPhase section */
		1846F12E1425060F00884CCC /* Resources */ = {
			isa = PBXResourcesBuildPhase;
			buildActionMask = 2147483647;
			files = (
				1846F1471425060F00884CCC /* Default.png in Resources */,
				1846F1491425060F00884CCC /* fps_images.png in Resources */,
				1846F14B1425060F00884CCC /* Icon-72.png in Resources */,
				1846F14D1425060F00884CCC /* Icon-Small-50.png in Resources */,
				1846F14F1425060F00884CCC /* Icon-Small.png in Resources */,
				1846F1511425060F00884CCC /* Icon-Small@2x.png in Resources */,
				1846F1531425060F00884CCC /* Icon.png in Resources */,
				1846F1551425060F00884CCC /* Icon@2x.png in Resources */,
				1846F1581425060F00884CCC /* iTunesArtwork in Resources */,
				1846F2FB14250CF200884CCC /* UI in Resources */,
				18AF26D11425CBA000D0D60F /* Vanilla.ttf in Resources */,
				18AF26D31425CC7500D0D60F /* WebViewFile.rtf in Resources */,
				279C168F16E08164000C5988 /* Default-568h@2x.png in Resources */,
			);
			runOnlyForDeploymentPostprocessing = 0;
		};
/* End PBXResourcesBuildPhase section */

/* Begin PBXSourcesBuildPhase section */
		1846F12C1425060F00884CCC /* Sources */ = {
			isa = PBXSourcesBuildPhase;
			buildActionMask = 2147483647;
			files = (
				1846F2951425061100884CCC /* main.m in Sources */,
				1846F2981425061100884CCC /* AppDelegate.m in Sources */,
				1846F2F314250CA800884CCC /* MainLayer.m in Sources */,
				1846F2F414250CA800884CCC /* TestAlertLayer.m in Sources */,
				1846F2F614250CA800884CCC /* TestRadioLayer.m in Sources */,
				1846F2F714250CA800884CCC /* TestLoadingBarLayer.m in Sources */,
				18847B71142A2E11005D7C4F /* BalsamiqControlData.m in Sources */,
				18847B72142A2E11005D7C4F /* BalsamiqFileParser.m in Sources */,
				18847B73142A2E11005D7C4F /* CCAlertLayer.m in Sources */,
				18847B74142A2E11005D7C4F /* CCBalsamiqLayer.m in Sources */,
				18847B78142A2E11005D7C4F /* CCSprite+LoadingBar.m in Sources */,
				18847B79142A2E11005D7C4F /* CCMenuItemButton.m in Sources */,
				18847B7A142A2E11005D7C4F /* RadioManager.m in Sources */,
				27DC774F147C86C100890457 /* BalsamiqReaderConfig.m in Sources */,
				278E860E155284AC00AB548A /* TestScrollLayer.m in Sources */,
				278E8616155295C200AB548A /* CCTableLayer.m in Sources */,
				27552DE01557BB5E0031A7F9 /* TestLinkLayer.m in Sources */,
				27A0457A1598316C00643C89 /* TestLabelLayer.m in Sources */,
				27A04786159AB8AF00643C89 /* TestTabsLayer.m in Sources */,
				27A047E9159D7A7700643C89 /* TestButtonLayer.m in Sources */,
				27A11FA515C7710400B146BB /* CCLabelWithTextField.m in Sources */,
				27A11FA915C7731100B146BB /* TestTextFieldLayer.m in Sources */,
			);
			runOnlyForDeploymentPostprocessing = 0;
		};
/* End PBXSourcesBuildPhase section */

/* Begin PBXTargetDependency section */
		279C168C16E0806B000C5988 /* PBXTargetDependency */ = {
			isa = PBXTargetDependency;
			name = cocos2d;
			targetProxy = 279C168B16E0806B000C5988 /* PBXContainerItemProxy */;
		};
/* End PBXTargetDependency section */

/* Begin XCBuildConfiguration section */
		1846F2A01425061100884CCC /* Debug */ = {
			isa = XCBuildConfiguration;
			buildSettings = {
				ARCHS = "$(ARCHS_STANDARD_32_BIT)";
				"CODE_SIGN_IDENTITY[sdk=iphoneos*]" = "iPhone Developer";
				GCC_C_LANGUAGE_STANDARD = gnu99;
				GCC_OPTIMIZATION_LEVEL = 0;
				GCC_PREPROCESSOR_DEFINITIONS = (
					DEBUG,
					"COCOS2D_DEBUG=1",
				);
				GCC_SYMBOLS_PRIVATE_EXTERN = NO;
				GCC_VERSION = com.apple.compilers.llvmgcc42;
				GCC_WARN_ABOUT_RETURN_TYPE = YES;
				GCC_WARN_UNUSED_VARIABLE = YES;
				IPHONEOS_DEPLOYMENT_TARGET = 3.2;
				SDKROOT = iphoneos;
			};
			name = Debug;
		};
		1846F2A11425061100884CCC /* Release */ = {
			isa = XCBuildConfiguration;
			buildSettings = {
				ARCHS = "$(ARCHS_STANDARD_32_BIT)";
				"CODE_SIGN_IDENTITY[sdk=iphoneos*]" = "iPhone Developer";
				GCC_C_LANGUAGE_STANDARD = gnu99;
				GCC_PREPROCESSOR_DEFINITIONS = NDEBUG;
				GCC_VERSION = com.apple.compilers.llvmgcc42;
				GCC_WARN_ABOUT_RETURN_TYPE = YES;
				GCC_WARN_UNUSED_VARIABLE = YES;
				IPHONEOS_DEPLOYMENT_TARGET = 3.2;
				OTHER_CFLAGS = "-DNS_BLOCK_ASSERTIONS=1";
				SDKROOT = iphoneos;
			};
			name = Release;
		};
		1846F2A31425061100884CCC /* Debug */ = {
			isa = XCBuildConfiguration;
			buildSettings = {
				ALWAYS_SEARCH_USER_PATHS = NO;
				COPY_PHASE_STRIP = NO;
				GCC_DYNAMIC_NO_PIC = NO;
				GCC_PRECOMPILE_PREFIX_HEADER = YES;
				GCC_PREFIX_HEADER = BalsamiqXmlReader/Prefix.pch;
				"GCC_THUMB_SUPPORT[arch=armv6]" = "";
				GCC_VERSION = com.apple.compilers.llvm.clang.1_0;
				INFOPLIST_FILE = BalsamiqXmlReader/Resources/Info.plist;
				OTHER_LDFLAGS = "-lz";
				PRODUCT_NAME = "$(TARGET_NAME)";
				USER_HEADER_SEARCH_PATHS = "cocos2d-iphone/cocos2d cocos2d-iphone/external/kazmath/include";
				WRAPPER_EXTENSION = app;
			};
			name = Debug;
		};
		1846F2A41425061100884CCC /* Release */ = {
			isa = XCBuildConfiguration;
			buildSettings = {
				ALWAYS_SEARCH_USER_PATHS = NO;
				COPY_PHASE_STRIP = YES;
				GCC_PRECOMPILE_PREFIX_HEADER = YES;
				GCC_PREFIX_HEADER = BalsamiqXmlReader/Prefix.pch;
				"GCC_THUMB_SUPPORT[arch=armv6]" = "";
				GCC_VERSION = com.apple.compilers.llvm.clang.1_0;
				INFOPLIST_FILE = BalsamiqXmlReader/Resources/Info.plist;
				OTHER_LDFLAGS = "-lz";
				PRODUCT_NAME = "$(TARGET_NAME)";
				USER_HEADER_SEARCH_PATHS = "cocos2d-iphone/cocos2d cocos2d-iphone/external/kazmath/include";
				VALIDATE_PRODUCT = YES;
				WRAPPER_EXTENSION = app;
			};
			name = Release;
		};
/* End XCBuildConfiguration section */

/* Begin XCConfigurationList section */
		1846F12A1425060F00884CCC /* Build configuration list for PBXProject "BalsamiqXmlReader" */ = {
			isa = XCConfigurationList;
			buildConfigurations = (
				1846F2A01425061100884CCC /* Debug */,
				1846F2A11425061100884CCC /* Release */,
			);
			defaultConfigurationIsVisible = 0;
			defaultConfigurationName = Release;
		};
		1846F2A21425061100884CCC /* Build configuration list for PBXNativeTarget "BalsamiqXmlReader" */ = {
			isa = XCConfigurationList;
			buildConfigurations = (
				1846F2A31425061100884CCC /* Debug */,
				1846F2A41425061100884CCC /* Release */,
			);
			defaultConfigurationIsVisible = 0;
			defaultConfigurationName = Release;
		};
/* End XCConfigurationList section */
	};
	rootObject = 1846F1271425060F00884CCC /* Project object */;
}
